
Microsoft Visual Studio Solution File, Format Version 12.00
# Visual Studio 15
VisualStudioVersion = 15.0.28307.902
MinimumVisualStudioVersion = 10.0.40219.1
Project("{FAE04EC0-301F-11D3-BF4B-00C04F79EFBC}") = "TrafficLight", "TrafficLight\TrafficLight.csproj", "{D174C0C2-F1C7-4EDF-BA87-654A8D916AF6}"
EndProject
Project("{FAE04EC0-301F-11D3-BF4B-00C04F79EFBC}") = "Tests", "Tests\Tests.csproj", "{2E525D64-1CE1-41A0-A675-5711346A0867}"
EndProject
Global
	GlobalSection(SolutionConfigurationPlatforms) = preSolution
		Debug|Any CPU = Debug|Any CPU
		Release|Any CPU = Release|Any CPU
	EndGlobalSection
	GlobalSection(ProjectConfigurationPlatforms) = postSolution
		{D174C0C2-F1C7-4EDF-BA87-654A8D916AF6}.Debug|Any CPU.ActiveCfg = Debug|Any CPU
		{D174C0C2-F1C7-4EDF-BA87-654A8D916AF6}.Debug|Any CPU.Build.0 = Debug|Any CPU
		{D174C0C2-F1C7-4EDF-BA87-654A8D916AF6}.Release|Any CPU.ActiveCfg = Release|Any CPU
		{D174C0C2-F1C7-4EDF-BA87-654A8D916AF6}.Release|Any CPU.Build.0 = Release|Any CPU
		{2E525D64-1CE1-41A0-A675-5711346A0867}.Debug|Any CPU.ActiveCfg = Debug|Any CPU
		{2E525D64-1CE1-41A0-A675-5711346A0867}.Debug|Any CPU.Build.0 = Debug|Any CPU
		{2E525D64-1CE1-41A0-A675-5711346A0867}.Release|Any CPU.ActiveCfg = Release|Any CPU
		{2E525D64-1CE1-41A0-A675-5711346A0867}.Release|Any CPU.Build.0 = Release|Any CPU
	EndGlobalSection
	GlobalSection(SolutionProperties) = preSolution
		HideSolutionNode = FALSE
	EndGlobalSection
	GlobalSection(ExtensibilityGlobals) = postSolution
		SolutionGuid = {47D3249C-2709-4839-8D0F-77DA2FC07175}
	EndGlobalSection
EndGlobal
